
Microsoft Visual Studio Solution File, Format Version 12.00
# Visual Studio 15
VisualStudioVersion = 15.0.27004.2006
MinimumVisualStudioVersion = 10.0.40219.1
Project("{8BC9CEB8-8B4A-11D0-8D11-00A0C91BC942}") = "chesspp", "chesspp.vcxproj", "{424AF3B9-3420-3676-AEA3-2E6751437B21}"
EndProject
Global
	GlobalSection(SolutionConfigurationPlatforms) = preSolution
		Debug|x64 = Debug|x64
		Release|x64 = Release|x64
	EndGlobalSection
	GlobalSection(ProjectConfigurationPlatforms) = postSolution
		{424AF3B9-3420-3676-AEA3-2E6751437B21}.Debug|x64.ActiveCfg = Debug|x64
		{424AF3B9-3420-3676-AEA3-2E6751437B21}.Debug|x64.Build.0 = Debug|x64
		{424AF3B9-3420-3676-AEA3-2E6751437B21}.Release|x64.ActiveCfg = Release|x64
		{424AF3B9-3420-3676-AEA3-2E6751437B21}.Release|x64.Build.0 = Release|x64
	EndGlobalSection
	GlobalSection(SolutionProperties) = preSolution
		HideSolutionNode = FALSE
	EndGlobalSection
	GlobalSection(ExtensibilityGlobals) = postSolution
		SolutionGuid = {EC5E557B-A270-442E-B610-960538157733}
	EndGlobalSection
EndGlobal
