<?xml version="1.0" encoding="utf-8"?>
<Project xmlns="http://schemas.microsoft.com/developer/msbuild/2003">
  <ItemGroup>
    <Filter Include="Form Files">
      <UniqueIdentifier>{99349809-55BA-4b9d-BF79-8FDBB0286EB3}</UniqueIdentifier>
      <Extensions>ui</Extensions>
      <ParseFiles>false</ParseFiles>
    </Filter>
    <Filter Include="Form Files">
      <UniqueIdentifier>{99349809-55BA-4b9d-BF79-8FDBB0286EB3}</UniqueIdentifier>
      <Extensions>ui</Extensions>
      <ParseFiles>false</ParseFiles>
    </Filter>
    <Filter Include="Generated Files">
      <UniqueIdentifier>{71ED8ED8-ACB9-4CE9-BBE1-E00B30144E11}</UniqueIdentifier>
      <Extensions>cpp;c;cxx;moc;h;def;odl;idl;res;</Extensions>
    </Filter>
    <Filter Include="Generated Files">
      <UniqueIdentifier>{71ED8ED8-ACB9-4CE9-BBE1-E00B30144E11}</UniqueIdentifier>
      <Extensions>cpp;c;cxx;moc;h;def;odl;idl;res;</Extensions>
    </Filter>
    <Filter Include="Header Files">
      <UniqueIdentifier>{93995380-89BD-4b04-88EB-625FBE52EBFB}</UniqueIdentifier>
      <Extensions>h;hpp;hxx;hm;inl;inc;xsd</Extensions>
    </Filter>
    <Filter Include="Header Files">
      <UniqueIdentifier>{93995380-89BD-4b04-88EB-625FBE52EBFB}</UniqueIdentifier>
      <Extensions>h;hpp;hxx;hm;inl;inc;xsd</Extensions>
    </Filter>
    <Filter Include="Resource Files">
      <UniqueIdentifier>{D9D6E242-F8AF-46E4-B9FD-80ECBC20BA3E}</UniqueIdentifier>
      <Extensions>qrc;*</Extensions>
      <ParseFiles>false</ParseFiles>
    </Filter>
    <Filter Include="Resource Files">
      <UniqueIdentifier>{D9D6E242-F8AF-46E4-B9FD-80ECBC20BA3E}</UniqueIdentifier>
      <Extensions>qrc;*</Extensions>
      <ParseFiles>false</ParseFiles>
    </Filter>
    <Filter Include="Source Files">
      <UniqueIdentifier>{4FC737F1-C7A5-4376-A066-2A32D752A2FF}</UniqueIdentifier>
      <Extensions>cpp;c;cxx;def;odl;idl;hpj;bat;asm;asmx</Extensions>
    </Filter>
    <Filter Include="Source Files">
      <UniqueIdentifier>{4FC737F1-C7A5-4376-A066-2A32D752A2FF}</UniqueIdentifier>
      <Extensions>cpp;c;cxx;def;odl;idl;hpj;bat;asm;asmx</Extensions>
    </Filter>
    <Filter Include="Distribution Files">
      <UniqueIdentifier>{B83CAF91-C7BF-462F-B76C-EA11631F866C}</UniqueIdentifier>
      <Extensions>*</Extensions>
      <ParseFiles>false</ParseFiles>
    </Filter>
    <Filter Include="Distribution Files">
      <UniqueIdentifier>{B83CAF91-C7BF-462F-B76C-EA11631F866C}</UniqueIdentifier>
      <Extensions>*</Extensions>
      <ParseFiles>false</ParseFiles>
    </Filter>
  </ItemGroup>
  <ItemGroup>
    <ClCompile Include="ai.cpp">
      <Filter>Source Files</Filter>
    </ClCompile>
    <ClCompile Include="ai_test.cpp">
      <Filter>Source Files</Filter>
    </ClCompile>
    <ClCompile Include="board.cpp">
      <Filter>Source Files</Filter>
    </ClCompile>
    <ClCompile Include="board_io.cpp">
      <Filter>Source Files</Filter>
    </ClCompile>
    <ClCompile Include="board_position.cpp">
      <Filter>Source Files</Filter>
    </ClCompile>
    <ClCompile Include="button.cpp">
      <Filter>Source Files</Filter>
    </ClCompile>
    <ClCompile Include="common.cpp">
      <Filter>Source Files</Filter>
    </ClCompile>
    <ClCompile Include="gui_board.cpp">
      <Filter>Source Files</Filter>
    </ClCompile>
    <ClCompile Include="gui_game.cpp">
      <Filter>Source Files</Filter>
    </ClCompile>
    <ClCompile Include="main.cpp">
      <Filter>Source Files</Filter>
    </ClCompile>
    <ClCompile Include="move.cpp">
      <Filter>Source Files</Filter>
    </ClCompile>
    <ClCompile Include="square.cpp">
      <Filter>Source Files</Filter>
    </ClCompile>
    <ClCompile Include="Debug\moc_gui_game.cpp">
      <Filter>Generated Files</Filter>
    </ClCompile>
    <ClCompile Include="Release\moc_gui_game.cpp">
      <Filter>Generated Files</Filter>
    </ClCompile>
    <ClCompile Include="Debug\moc_button.cpp">
      <Filter>Generated Files</Filter>
    </ClCompile>
    <ClCompile Include="Release\moc_button.cpp">
      <Filter>Generated Files</Filter>
    </ClCompile>
    <ClCompile Include="GeneratedFiles\qrc_chesspp.cpp">
      <Filter>Generated Files</Filter>
    </ClCompile>
    <ClCompile Include="GeneratedFiles\qrc_images.cpp">
      <Filter>Generated Files</Filter>
    </ClCompile>
    <ClCompile Include="deadList.cpp">
      <Filter>Source Files</Filter>
    </ClCompile>
  </ItemGroup>
  <ItemGroup>
    <ClInclude Include="ai.h">
      <Filter>Header Files</Filter>
    </ClInclude>
    <ClInclude Include="ai_test.h">
      <Filter>Header Files</Filter>
    </ClInclude>
    <ClInclude Include="board.h">
      <Filter>Header Files</Filter>
    </ClInclude>
    <ClInclude Include="board_io.h">
      <Filter>Header Files</Filter>
    </ClInclude>
    <ClInclude Include="board_position.h">
      <Filter>Header Files</Filter>
    </ClInclude>
    <CustomBuild Include="button.h">
      <Filter>Header Files</Filter>
    </CustomBuild>
    <ClInclude Include="common.h">
      <Filter>Header Files</Filter>
    </ClInclude>
    <ClInclude Include="gui_board.h">
      <Filter>Header Files</Filter>
    </ClInclude>
    <CustomBuild Include="gui_game.h">
      <Filter>Header Files</Filter>
    </CustomBuild>
    <ClInclude Include="move.h">
      <Filter>Header Files</Filter>
    </ClInclude>
    <ClInclude Include="square.h">
      <Filter>Header Files</Filter>
    </ClInclude>
    <ClInclude Include="GeneratedFiles\ui_mainwindow.h">
      <Filter>Generated Files</Filter>
    </ClInclude>
    <ClInclude Include="deadList.h">
      <Filter>Header Files</Filter>
    </ClInclude>
  </ItemGroup>
  <ItemGroup>
    <CustomBuild Include="debug\moc_predefs.h.cbt">
      <Filter>Generated Files</Filter>
    </CustomBuild>
    <CustomBuild Include="release\moc_predefs.h.cbt">
      <Filter>Generated Files</Filter>
    </CustomBuild>
  </ItemGroup>
  <ItemGroup>
    <CustomBuild Include="mainwindow.ui">
      <Filter>Form Files</Filter>
    </CustomBuild>
  </ItemGroup>
  <ItemGroup>
    <None Include="chessImg\BlackBishop.png">
      <Filter>Resource Files</Filter>
    </None>
    <None Include="chessImg\BlackKing.png">
      <Filter>Resource Files</Filter>
    </None>
    <None Include="chessImg\BlackKnight.png">
      <Filter>Resource Files</Filter>
    </None>
    <None Include="chessImg\BlackPawn.png">
      <Filter>Resource Files</Filter>
    </None>
    <None Include="chessImg\BlackQueen.png">
      <Filter>Resource Files</Filter>
    </None>
    <None Include="chessImg\BlackRook.png">
      <Filter>Resource Files</Filter>
    </None>
    <None Include="chessImg\WhiteBishop.png">
      <Filter>Resource Files</Filter>
    </None>
    <None Include="chessImg\WhiteKing.png">
      <Filter>Resource Files</Filter>
    </None>
    <None Include="chessImg\WhiteKnight.png">
      <Filter>Resource Files</Filter>
    </None>
    <None Include="chessImg\WhitePawn.png">
      <Filter>Resource Files</Filter>
    </None>
    <None Include="chessImg\WhiteQueen.png">
      <Filter>Resource Files</Filter>
    </None>
    <None Include="chessImg\WhiteRook.png">
      <Filter>Resource Files</Filter>
    </None>
    <CustomBuild Include="chesspp.qrc">
      <Filter>Resource Files</Filter>
    </CustomBuild>
    <CustomBuild Include="chessImg\images.qrc">
      <Filter>Resource Files</Filter>
    </CustomBuild>
    <None Include="chessImg\BlackBishop.png" />
    <None Include="chessImg\BlackKing.png" />
    <None Include="chessImg\BlackKnight.png" />
    <None Include="chessImg\BlackPawn.png" />
    <None Include="chessImg\BlackQueen.png" />
    <None Include="chessImg\BlackRook.png" />
    <None Include="chessImg\WhiteBishop.png" />
    <None Include="chessImg\WhiteKing.png" />
    <None Include="chessImg\WhiteKnight.png" />
    <None Include="chessImg\WhitePawn.png" />
    <None Include="chessImg\WhiteQueen.png" />
    <None Include="chessImg\WhiteRook.png" />
  </ItemGroup>
  <ItemGroup>
    <None Include="chessImg\BlackBishop.png">
      <Filter>Distribution Files</Filter>
    </None>
    <None Include="chessImg\BlackKing.png">
      <Filter>Distribution Files</Filter>
    </None>
    <None Include="chessImg\BlackKnight.png">
      <Filter>Distribution Files</Filter>
    </None>
    <None Include="chessImg\BlackPawn.png">
      <Filter>Distribution Files</Filter>
    </None>
    <None Include="chessImg\BlackQueen.png">
      <Filter>Distribution Files</Filter>
    </None>
    <None Include="chessImg\BlackRook.png">
      <Filter>Distribution Files</Filter>
    </None>
    <None Include="chessImg\WhiteBishop.png">
      <Filter>Distribution Files</Filter>
    </None>
    <None Include="chessImg\WhiteKing.png">
      <Filter>Distribution Files</Filter>
    </None>
    <None Include="chessImg\WhiteKnight.png">
      <Filter>Distribution Files</Filter>
    </None>
    <None Include="chessImg\WhitePawn.png">
      <Filter>Distribution Files</Filter>
    </None>
    <None Include="chessImg\WhiteQueen.png">
      <Filter>Distribution Files</Filter>
    </None>
    <None Include="chessImg\WhiteRook.png">
      <Filter>Distribution Files</Filter>
    </None>
  </ItemGroup>
</Project>